
Microsoft Visual Studio Solution File, Format Version 12.00
# Visual Studio Version 17
VisualStudioVersion = 17.8.34511.84
MinimumVisualStudioVersion = 10.0.40219.1
Project("{FAE04EC0-301F-11D3-BF4B-00C04F79EFBC}") = "Health", "Health\Health.csproj", "{0B952E7E-90A9-48F5-977C-B6A3C101B880}"
EndProject
Project("{FAE04EC0-301F-11D3-BF4B-00C04F79EFBC}") = "RealTimeProcessingD.AzureFunction", "RealTimeProcessingD.AzureFunction\RealTimeProcessingD.AzureFunction.csproj", "{4803FE91-5C78-4B14-9107-CACFFC191CB9}"
EndProject
Global
	GlobalSection(SolutionConfigurationPlatforms) = preSolution
		Debug|Any CPU = Debug|Any CPU
		Release|Any CPU = Release|Any CPU
	EndGlobalSection
	GlobalSection(ProjectConfigurationPlatforms) = postSolution
		{0B952E7E-90A9-48F5-977C-B6A3C101B880}.Debug|Any CPU.ActiveCfg = Debug|Any CPU
		{0B952E7E-90A9-48F5-977C-B6A3C101B880}.Debug|Any CPU.Build.0 = Debug|Any CPU
		{0B952E7E-90A9-48F5-977C-B6A3C101B880}.Release|Any CPU.ActiveCfg = Release|Any CPU
		{0B952E7E-90A9-48F5-977C-B6A3C101B880}.Release|Any CPU.Build.0 = Release|Any CPU
		{4803FE91-5C78-4B14-9107-CACFFC191CB9}.Debug|Any CPU.ActiveCfg = Debug|Any CPU
		{4803FE91-5C78-4B14-9107-CACFFC191CB9}.Debug|Any CPU.Build.0 = Debug|Any CPU
		{4803FE91-5C78-4B14-9107-CACFFC191CB9}.Release|Any CPU.ActiveCfg = Release|Any CPU
		{4803FE91-5C78-4B14-9107-CACFFC191CB9}.Release|Any CPU.Build.0 = Release|Any CPU
	EndGlobalSection
	GlobalSection(SolutionProperties) = preSolution
		HideSolutionNode = FALSE
	EndGlobalSection
	GlobalSection(ExtensibilityGlobals) = postSolution
		SolutionGuid = {707A733C-4DE5-40BD-9E41-56FBC2620FE5}
	EndGlobalSection
EndGlobal
